
Microsoft Visual Studio Solution File, Format Version 12.00
# Visual Studio 2012
Project("{F184B08F-C81C-45F6-A57F-5ABD9991F28F}") = "alaa_hamda_app", "alaa_hamda_app\alaa_hamda_app.vbproj", "{455449F0-7246-4CD1-AA4E-B9A05A370518}"
EndProject
Global
	GlobalSection(SolutionConfigurationPlatforms) = preSolution
		Debug|Any CPU = Debug|Any CPU
		Release|Any CPU = Release|Any CPU
	EndGlobalSection
	GlobalSection(ProjectConfigurationPlatforms) = postSolution
		{455449F0-7246-4CD1-AA4E-B9A05A370518}.Debug|Any CPU.ActiveCfg = Debug|Any CPU
		{455449F0-7246-4CD1-AA4E-B9A05A370518}.Debug|Any CPU.Build.0 = Debug|Any CPU
		{455449F0-7246-4CD1-AA4E-B9A05A370518}.Release|Any CPU.ActiveCfg = Release|Any CPU
		{455449F0-7246-4CD1-AA4E-B9A05A370518}.Release|Any CPU.Build.0 = Release|Any CPU
	EndGlobalSection
	GlobalSection(SolutionProperties) = preSolution
		HideSolutionNode = FALSE
	EndGlobalSection
EndGlobal
